// !$*UTF8*$!
{
	archiveVersion = 1;
	classes = {
	};
	objectVersion = 77;
	objects = {

/* Begin PBXBuildFile section */
		122E4B3F0C76EFF68DD16D3E /* Localizable.xcstrings in Resources */ = {isa = PBXBuildFile; fileRef = A77A4A4FF0525000C3AC1FEE /* Localizable.xcstrings */; };
		12F2631BD7A99FC5EEE550E0 /* AnalyzerIntegrationTests.swift in Sources */ = {isa = PBXBuildFile; fileRef = 0EC0373663EF6A03ECA0D485 /* AnalyzerIntegrationTests.swift */; };
		14DCA6B246D739C227B07B7D /* Navigation.swift in Sources */ = {isa = PBXBuildFile; fileRef = 652713AC5C7E616940159D36 /* Navigation.swift */; };
		1EDEA7EA8137F524C211A84B /* Recording.swift in Sources */ = {isa = PBXBuildFile; fileRef = ADB21B95864E94BF458A7483 /* Recording.swift */; };
		1F767CF745C34DD763A4D0DB /* RecordingTests.swift in Sources */ = {isa = PBXBuildFile; fileRef = 0C0192BFB6BE21AA71A86B53 /* RecordingTests.swift */; };
		21338318C047BB24D14EC8F7 /* AppSettings.swift in Sources */ = {isa = PBXBuildFile; fileRef = ABA326482545C2649B744477 /* AppSettings.swift */; };
		2228798BB35A55FADC066DA1 /* PipelineTests.swift in Sources */ = {isa = PBXBuildFile; fileRef = E1894D87B1E3BDA9FE5A3169 /* PipelineTests.swift */; };
		285A35BC27E078EEE6C87EDC /* Assets.xcassets in Resources */ = {isa = PBXBuildFile; fileRef = CA34819F6E69740427617B25 /* Assets.xcassets */; };
		32DE5025D36AC29262401F9B /* TranscriptAnalysis.swift in Sources */ = {isa = PBXBuildFile; fileRef = 9611F3CB27F84512B161972D /* TranscriptAnalysis.swift */; };
		3407447BD72E3E8C00AC9335 /* RootView.swift in Sources */ = {isa = PBXBuildFile; fileRef = 3F31459872CE72D53543C834 /* RootView.swift */; };
		3A8AF4055CE3EB7624709804 /* AppConfigurationTests.swift in Sources */ = {isa = PBXBuildFile; fileRef = 352EB5603E21C5B0FD417ED4 /* AppConfigurationTests.swift */; };
		3F4A7B0D4ACCD11E5CB99F0A /* SpeechAssets.swift in Sources */ = {isa = PBXBuildFile; fileRef = C5EF1450C85B4F3D95A10E9F /* SpeechAssets.swift */; };
		401A65A77992BC986FB09D5F /* AudioFormatTests.swift in Sources */ = {isa = PBXBuildFile; fileRef = 2514C8CF2AB894ED94D47A64 /* AudioFormatTests.swift */; };
		50944C64435A6658D4B6C723 /* Insights.swift in Sources */ = {isa = PBXBuildFile; fileRef = 4318B268BA3043A51D6AC303 /* Insights.swift */; };
		5ADCCA91B05E41B9D80DB011 /* stopwords.txt in Resources */ = {isa = PBXBuildFile; fileRef = 8EBC0F698CA4D6A9733F33E0 /* stopwords.txt */; };
		5C5CE00178230439C0E25F10 /* AudioStore.swift in Sources */ = {isa = PBXBuildFile; fileRef = 25913D480F02C1511D4F64A1 /* AudioStore.swift */; };
		5D98C399B9AECB226F2ACF1B /* AudioBufferConverter.swift in Sources */ = {isa = PBXBuildFile; fileRef = A6008B059BCAE60287EFA7CA /* AudioBufferConverter.swift */; };
		5F06EA38F9C99CE44287BB06 /* InsightsTests.swift in Sources */ = {isa = PBXBuildFile; fileRef = D51A447C0F70B5C2C107451A /* InsightsTests.swift */; };
		631DCE918DE7ACFCE2337AC4 /* RecordingPipeline.swift in Sources */ = {isa = PBXBuildFile; fileRef = 8F6379FD5A98CE587AF9C2F3 /* RecordingPipeline.swift */; };
		7263F1847AF9A8A2E1AF8C85 /* RecordView.swift in Sources */ = {isa = PBXBuildFile; fileRef = EAD15FC965F6DF1521E178A0 /* RecordView.swift */; };
		75F80FCD72B2B5C2B6B94131 /* SettingsView.swift in Sources */ = {isa = PBXBuildFile; fileRef = A45AAA4CB6644EA1EF9014A7 /* SettingsView.swift */; };
		77913AB60C592EF8DCC37935 /* AudioPlayback.swift in Sources */ = {isa = PBXBuildFile; fileRef = 9664AFDC24A68E56BEA18C8B /* AudioPlayback.swift */; };
		820C8ED5D88E72F7F2C364E0 /* RecordingPipelineTests.swift in Sources */ = {isa = PBXBuildFile; fileRef = AEE03B0CDB9639C6262DB3E4 /* RecordingPipelineTests.swift */; };
		89194819D8DDD5683A2CB35F /* TranscriptionTests.swift in Sources */ = {isa = PBXBuildFile; fileRef = EF2B69138B9BCFF3EBF17306 /* TranscriptionTests.swift */; };
		8D8659AB219B92DA79773FAB /* RecallApp.swift in Sources */ = {isa = PBXBuildFile; fileRef = 99A786D21286E7D456EF199A /* RecallApp.swift */; };
		92CBC4E51B70FAA794A2939A /* LiveTranscriber.swift in Sources */ = {isa = PBXBuildFile; fileRef = 225BDC9319CECF89A9CB02E7 /* LiveTranscriber.swift */; };
		96E04DBCF9FB9E8A4DC03160 /* AudioRecorder.swift in Sources */ = {isa = PBXBuildFile; fileRef = 4115944BD3D679E09232AC22 /* AudioRecorder.swift */; };
		A459F9345A0EA30CB04403C7 /* AudioFormat.swift in Sources */ = {isa = PBXBuildFile; fileRef = 6A49D23BBDCFB616C4B36F46 /* AudioFormat.swift */; };
		B84867F0B9D4326F76393356 /* Transcription.swift in Sources */ = {isa = PBXBuildFile; fileRef = 2D62EC031F57F901206357C6 /* Transcription.swift */; };
		BC39EE95D35534BB3FCC394C /* TranscriptAnalyzer.swift in Sources */ = {isa = PBXBuildFile; fileRef = C4C686993EB8F5ECC41E5076 /* TranscriptAnalyzer.swift */; };
		BE4ABC185AB03BDED7A14E6F /* InsightsView.swift in Sources */ = {isa = PBXBuildFile; fileRef = C6EE379BA0F7448DB6D0A1F7 /* InsightsView.swift */; };
		C008D1CAEC9D297D0FCDC752 /* RecallModelContainer.swift in Sources */ = {isa = PBXBuildFile; fileRef = 4CB522ACD11FF39E739F769D /* RecallModelContainer.swift */; };
		C05D4CD2BE0AD949C0D3791F /* AudioStoreTests.swift in Sources */ = {isa = PBXBuildFile; fileRef = C2CE9BA2573A7AF5CA77FD24 /* AudioStoreTests.swift */; };
		CC01279FF85193128A455E44 /* LibraryView.swift in Sources */ = {isa = PBXBuildFile; fileRef = FB52554C11C8631668D837C0 /* LibraryView.swift */; };
		D0BD7557FD96CD64B90B9532 /* RecordingActions.swift in Sources */ = {isa = PBXBuildFile; fileRef = 4217BEBC370E19A416137770 /* RecordingActions.swift */; };
		D2E1A62F318350A990C25AF2 /* RecordingDetailView.swift in Sources */ = {isa = PBXBuildFile; fileRef = 49D8609669A4CFE0D9BF2A34 /* RecordingDetailView.swift */; };
		D4C44EF3B2E490034F26C301 /* LevelMeter.swift in Sources */ = {isa = PBXBuildFile; fileRef = 9E6152D74EE386E6D4863843 /* LevelMeter.swift */; };
		D7AD05E3343A047D0AB09EBB /* AnalysisTests.swift in Sources */ = {isa = PBXBuildFile; fileRef = A704C2144AED4FA4EBF2635F /* AnalysisTests.swift */; };
		E3B78DC87E2E1EC9298AF776 /* DurationFormat.swift in Sources */ = {isa = PBXBuildFile; fileRef = E8BAF38F5E786F1E8737B722 /* DurationFormat.swift */; };
		F1FDDB810F56BD936A824032 /* LaunchOptions.swift in Sources */ = {isa = PBXBuildFile; fileRef = 8988A059448E3881DFF215A8 /* LaunchOptions.swift */; };
/* End PBXBuildFile section */

/* Begin PBXContainerItemProxy section */
		3CD8C3A91ECDFE33E4800573 /* PBXContainerItemProxy */ = {
			isa = PBXContainerItemProxy;
			containerPortal = 8B2E7D481A738D1E6488DE92 /* Project object */;
			proxyType = 1;
			remoteGlobalIDString = 8A1CA7FAB5EF7FFF7C657008;
			remoteInfo = Recall;
		};
/* End PBXContainerItemProxy section */

/* Begin PBXFileReference section */
		0C0192BFB6BE21AA71A86B53 /* RecordingTests.swift */ = {isa = PBXFileReference; lastKnownFileType = sourcecode.swift; path = RecordingTests.swift; sourceTree = "<group>"; };
		0EC0373663EF6A03ECA0D485 /* AnalyzerIntegrationTests.swift */ = {isa = PBXFileReference; lastKnownFileType = sourcecode.swift; path = AnalyzerIntegrationTests.swift; sourceTree = "<group>"; };
		225BDC9319CECF89A9CB02E7 /* LiveTranscriber.swift */ = {isa = PBXFileReference; lastKnownFileType = sourcecode.swift; path = LiveTranscriber.swift; sourceTree = "<group>"; };
		2514C8CF2AB894ED94D47A64 /* AudioFormatTests.swift */ = {isa = PBXFileReference; lastKnownFileType = sourcecode.swift; path = AudioFormatTests.swift; sourceTree = "<group>"; };
		25913D480F02C1511D4F64A1 /* AudioStore.swift */ = {isa = PBXFileReference; lastKnownFileType = sourcecode.swift; path = AudioStore.swift; sourceTree = "<group>"; };
		2D62EC031F57F901206357C6 /* Transcription.swift */ = {isa = PBXFileReference; lastKnownFileType = sourcecode.swift; path = Transcription.swift; sourceTree = "<group>"; };
		352EB5603E21C5B0FD417ED4 /* AppConfigurationTests.swift */ = {isa = PBXFileReference; lastKnownFileType = sourcecode.swift; path = AppConfigurationTests.swift; sourceTree = "<group>"; };
		3814F5E7049EB01D4866F2CB /* Info.plist */ = {isa = PBXFileReference; lastKnownFileType = text.plist; path = Info.plist; sourceTree = "<group>"; };
		3F31459872CE72D53543C834 /* RootView.swift */ = {isa = PBXFileReference; lastKnownFileType = sourcecode.swift; path = RootView.swift; sourceTree = "<group>"; };
		4115944BD3D679E09232AC22 /* AudioRecorder.swift */ = {isa = PBXFileReference; lastKnownFileType = sourcecode.swift; path = AudioRecorder.swift; sourceTree = "<group>"; };
		4217BEBC370E19A416137770 /* RecordingActions.swift */ = {isa = PBXFileReference; lastKnownFileType = sourcecode.swift; path = RecordingActions.swift; sourceTree = "<group>"; };
		4318B268BA3043A51D6AC303 /* Insights.swift */ = {isa = PBXFileReference; lastKnownFileType = sourcecode.swift; path = Insights.swift; sourceTree = "<group>"; };
		49D8609669A4CFE0D9BF2A34 /* RecordingDetailView.swift */ = {isa = PBXFileReference; lastKnownFileType = sourcecode.swift; path = RecordingDetailView.swift; sourceTree = "<group>"; };
		4CB522ACD11FF39E739F769D /* RecallModelContainer.swift */ = {isa = PBXFileReference; lastKnownFileType = sourcecode.swift; path = RecallModelContainer.swift; sourceTree = "<group>"; };
		589D612419DE8AD691D1CD7C /* Recall.app */ = {isa = PBXFileReference; includeInIndex = 0; lastKnownFileType = wrapper.application; path = Recall.app; sourceTree = BUILT_PRODUCTS_DIR; };
		652713AC5C7E616940159D36 /* Navigation.swift */ = {isa = PBXFileReference; lastKnownFileType = sourcecode.swift; path = Navigation.swift; sourceTree = "<group>"; };
		6A49D23BBDCFB616C4B36F46 /* AudioFormat.swift */ = {isa = PBXFileReference; lastKnownFileType = sourcecode.swift; path = AudioFormat.swift; sourceTree = "<group>"; };
		6BD6460CEED47DBD6E7854D8 /* Local.xcconfig */ = {isa = PBXFileReference; lastKnownFileType = text.xcconfig; path = Local.xcconfig; sourceTree = "<group>"; };
		8988A059448E3881DFF215A8 /* LaunchOptions.swift */ = {isa = PBXFileReference; lastKnownFileType = sourcecode.swift; path = LaunchOptions.swift; sourceTree = "<group>"; };
		8EBC0F698CA4D6A9733F33E0 /* stopwords.txt */ = {isa = PBXFileReference; lastKnownFileType = text; path = stopwords.txt; sourceTree = "<group>"; };
		8F6379FD5A98CE587AF9C2F3 /* RecordingPipeline.swift */ = {isa = PBXFileReference; lastKnownFileType = sourcecode.swift; path = RecordingPipeline.swift; sourceTree = "<group>"; };
		9116D718A58EEBB60F26FCB7 /* RecallTests.xctest */ = {isa = PBXFileReference; includeInIndex = 0; lastKnownFileType = wrapper.cfbundle; path = RecallTests.xctest; sourceTree = BUILT_PRODUCTS_DIR; };
		9611F3CB27F84512B161972D /* TranscriptAnalysis.swift */ = {isa = PBXFileReference; lastKnownFileType = sourcecode.swift; path = TranscriptAnalysis.swift; sourceTree = "<group>"; };
		9664AFDC24A68E56BEA18C8B /* AudioPlayback.swift */ = {isa = PBXFileReference; lastKnownFileType = sourcecode.swift; path = AudioPlayback.swift; sourceTree = "<group>"; };
		99A786D21286E7D456EF199A /* RecallApp.swift */ = {isa = PBXFileReference; lastKnownFileType = sourcecode.swift; path = RecallApp.swift; sourceTree = "<group>"; };
		9E6152D74EE386E6D4863843 /* LevelMeter.swift */ = {isa = PBXFileReference; lastKnownFileType = sourcecode.swift; path = LevelMeter.swift; sourceTree = "<group>"; };
		A45AAA4CB6644EA1EF9014A7 /* SettingsView.swift */ = {isa = PBXFileReference; lastKnownFileType = sourcecode.swift; path = SettingsView.swift; sourceTree = "<group>"; };
		A6008B059BCAE60287EFA7CA /* AudioBufferConverter.swift */ = {isa = PBXFileReference; lastKnownFileType = sourcecode.swift; path = AudioBufferConverter.swift; sourceTree = "<group>"; };
		A704C2144AED4FA4EBF2635F /* AnalysisTests.swift */ = {isa = PBXFileReference; lastKnownFileType = sourcecode.swift; path = AnalysisTests.swift; sourceTree = "<group>"; };
		A77A4A4FF0525000C3AC1FEE /* Localizable.xcstrings */ = {isa = PBXFileReference; lastKnownFileType = text.json.xcstrings; path = Localizable.xcstrings; sourceTree = "<group>"; };
		ABA326482545C2649B744477 /* AppSettings.swift */ = {isa = PBXFileReference; lastKnownFileType = sourcecode.swift; path = AppSettings.swift; sourceTree = "<group>"; };
		ADB21B95864E94BF458A7483 /* Recording.swift */ = {isa = PBXFileReference; lastKnownFileType = sourcecode.swift; path = Recording.swift; sourceTree = "<group>"; };
		AEE03B0CDB9639C6262DB3E4 /* RecordingPipelineTests.swift */ = {isa = PBXFileReference; lastKnownFileType = sourcecode.swift; path = RecordingPipelineTests.swift; sourceTree = "<group>"; };
		C2CE9BA2573A7AF5CA77FD24 /* AudioStoreTests.swift */ = {isa = PBXFileReference; lastKnownFileType = sourcecode.swift; path = AudioStoreTests.swift; sourceTree = "<group>"; };
		C4C686993EB8F5ECC41E5076 /* TranscriptAnalyzer.swift */ = {isa = PBXFileReference; lastKnownFileType = sourcecode.swift; path = TranscriptAnalyzer.swift; sourceTree = "<group>"; };
		C5EF1450C85B4F3D95A10E9F /* SpeechAssets.swift */ = {isa = PBXFileReference; lastKnownFileType = sourcecode.swift; path = SpeechAssets.swift; sourceTree = "<group>"; };
		C6EE379BA0F7448DB6D0A1F7 /* InsightsView.swift */ = {isa = PBXFileReference; lastKnownFileType = sourcecode.swift; path = InsightsView.swift; sourceTree = "<group>"; };
		CA34819F6E69740427617B25 /* Assets.xcassets */ = {isa = PBXFileReference; lastKnownFileType = folder.assetcatalog; path = Assets.xcassets; sourceTree = "<group>"; };
		D51A447C0F70B5C2C107451A /* InsightsTests.swift */ = {isa = PBXFileReference; lastKnownFileType = sourcecode.swift; path = InsightsTests.swift; sourceTree = "<group>"; };
		E1894D87B1E3BDA9FE5A3169 /* PipelineTests.swift */ = {isa = PBXFileReference; lastKnownFileType = sourcecode.swift; path = PipelineTests.swift; sourceTree = "<group>"; };
		E8BAF38F5E786F1E8737B722 /* DurationFormat.swift */ = {isa = PBXFileReference; lastKnownFileType = sourcecode.swift; path = DurationFormat.swift; sourceTree = "<group>"; };
		EAD15FC965F6DF1521E178A0 /* RecordView.swift */ = {isa = PBXFileReference; lastKnownFileType = sourcecode.swift; path = RecordView.swift; sourceTree = "<group>"; };
		EF2B69138B9BCFF3EBF17306 /* TranscriptionTests.swift */ = {isa = PBXFileReference; lastKnownFileType = sourcecode.swift; path = TranscriptionTests.swift; sourceTree = "<group>"; };
		FB52554C11C8631668D837C0 /* LibraryView.swift */ = {isa = PBXFileReference; lastKnownFileType = sourcecode.swift; path = LibraryView.swift; sourceTree = "<group>"; };
/* End PBXFileReference section */

/* Begin PBXGroup section */
		2398648CEC1DEFD2236E8232 /* Recall */ = {
			isa = PBXGroup;
			children = (
				6AF6CFB636B79B13E740C9F5 /* App */,
				931E898A40959C3ABCD1A721 /* Models */,
				E93D050BB96432754097F70A /* Resources */,
				C27DF03CCE94D0F75BD428D6 /* Services */,
				6803FD13799FE0A2F295DA2E /* Views */,
			);
			path = Recall;
			sourceTree = "<group>";
		};
		36CD7F0FEB1ED8B8E62C5B8B /* Config */ = {
			isa = PBXGroup;
			children = (
				6BD6460CEED47DBD6E7854D8 /* Local.xcconfig */,
			);
			path = Config;
			sourceTree = "<group>";
		};
		6803FD13799FE0A2F295DA2E /* Views */ = {
			isa = PBXGroup;
			children = (
				E8BAF38F5E786F1E8737B722 /* DurationFormat.swift */,
				C6EE379BA0F7448DB6D0A1F7 /* InsightsView.swift */,
				9E6152D74EE386E6D4863843 /* LevelMeter.swift */,
				FB52554C11C8631668D837C0 /* LibraryView.swift */,
				49D8609669A4CFE0D9BF2A34 /* RecordingDetailView.swift */,
				EAD15FC965F6DF1521E178A0 /* RecordView.swift */,
				A45AAA4CB6644EA1EF9014A7 /* SettingsView.swift */,
			);
			path = Views;
			sourceTree = "<group>";
		};
		6AF6CFB636B79B13E740C9F5 /* App */ = {
			isa = PBXGroup;
			children = (
				8988A059448E3881DFF215A8 /* LaunchOptions.swift */,
				652713AC5C7E616940159D36 /* Navigation.swift */,
				99A786D21286E7D456EF199A /* RecallApp.swift */,
				3F31459872CE72D53543C834 /* RootView.swift */,
			);
			path = App;
			sourceTree = "<group>";
		};
		8FB9A9AFFDDAA5852104C602 /* Products */ = {
			isa = PBXGroup;
			children = (
				589D612419DE8AD691D1CD7C /* Recall.app */,
				9116D718A58EEBB60F26FCB7 /* RecallTests.xctest */,
			);
			name = Products;
			sourceTree = "<group>";
		};
		931E898A40959C3ABCD1A721 /* Models */ = {
			isa = PBXGroup;
			children = (
				4CB522ACD11FF39E739F769D /* RecallModelContainer.swift */,
				ADB21B95864E94BF458A7483 /* Recording.swift */,
				4217BEBC370E19A416137770 /* RecordingActions.swift */,
			);
			path = Models;
			sourceTree = "<group>";
		};
		9F3DBEAA2D36FB3151663C54 /* RecallTests */ = {
			isa = PBXGroup;
			children = (
				A704C2144AED4FA4EBF2635F /* AnalysisTests.swift */,
				0EC0373663EF6A03ECA0D485 /* AnalyzerIntegrationTests.swift */,
				352EB5603E21C5B0FD417ED4 /* AppConfigurationTests.swift */,
				2514C8CF2AB894ED94D47A64 /* AudioFormatTests.swift */,
				C2CE9BA2573A7AF5CA77FD24 /* AudioStoreTests.swift */,
				D51A447C0F70B5C2C107451A /* InsightsTests.swift */,
				E1894D87B1E3BDA9FE5A3169 /* PipelineTests.swift */,
				AEE03B0CDB9639C6262DB3E4 /* RecordingPipelineTests.swift */,
				0C0192BFB6BE21AA71A86B53 /* RecordingTests.swift */,
				EF2B69138B9BCFF3EBF17306 /* TranscriptionTests.swift */,
			);
			path = RecallTests;
			sourceTree = "<group>";
		};
		C27DF03CCE94D0F75BD428D6 /* Services */ = {
			isa = PBXGroup;
			children = (
				ABA326482545C2649B744477 /* AppSettings.swift */,
				A6008B059BCAE60287EFA7CA /* AudioBufferConverter.swift */,
				6A49D23BBDCFB616C4B36F46 /* AudioFormat.swift */,
				9664AFDC24A68E56BEA18C8B /* AudioPlayback.swift */,
				4115944BD3D679E09232AC22 /* AudioRecorder.swift */,
				25913D480F02C1511D4F64A1 /* AudioStore.swift */,
				4318B268BA3043A51D6AC303 /* Insights.swift */,
				225BDC9319CECF89A9CB02E7 /* LiveTranscriber.swift */,
				8F6379FD5A98CE587AF9C2F3 /* RecordingPipeline.swift */,
				C5EF1450C85B4F3D95A10E9F /* SpeechAssets.swift */,
				9611F3CB27F84512B161972D /* TranscriptAnalysis.swift */,
				C4C686993EB8F5ECC41E5076 /* TranscriptAnalyzer.swift */,
				2D62EC031F57F901206357C6 /* Transcription.swift */,
			);
			path = Services;
			sourceTree = "<group>";
		};
		E3D300D57C7BE46807A96B09 = {
			isa = PBXGroup;
			children = (
				36CD7F0FEB1ED8B8E62C5B8B /* Config */,
				2398648CEC1DEFD2236E8232 /* Recall */,
				9F3DBEAA2D36FB3151663C54 /* RecallTests */,
				8FB9A9AFFDDAA5852104C602 /* Products */,
			);
			sourceTree = "<group>";
		};
		E93D050BB96432754097F70A /* Resources */ = {
			isa = PBXGroup;
			children = (
				CA34819F6E69740427617B25 /* Assets.xcassets */,
				3814F5E7049EB01D4866F2CB /* Info.plist */,
				A77A4A4FF0525000C3AC1FEE /* Localizable.xcstrings */,
				8EBC0F698CA4D6A9733F33E0 /* stopwords.txt */,
			);
			path = Resources;
			sourceTree = "<group>";
		};
/* End PBXGroup section */

/* Begin PBXNativeTarget section */
		3270AC3F0E3A942403899EE8 /* RecallTests */ = {
			isa = PBXNativeTarget;
			buildConfigurationList = B85EF0C0193067048A1D2645 /* Build configuration list for PBXNativeTarget "RecallTests" */;
			buildPhases = (
				0F5AA6435877027B8D8D33B9 /* Sources */,
			);
			buildRules = (
			);
			dependencies = (
				6CD6E1B4EE5CBAEC306561EA /* PBXTargetDependency */,
			);
			name = RecallTests;
			packageProductDependencies = (
			);
			productName = RecallTests;
			productReference = 9116D718A58EEBB60F26FCB7 /* RecallTests.xctest */;
			productType = "com.apple.product-type.bundle.unit-test";
		};
		8A1CA7FAB5EF7FFF7C657008 /* Recall */ = {
			isa = PBXNativeTarget;
			buildConfigurationList = DFC1D6D2A3F8F5D85E1CB54C /* Build configuration list for PBXNativeTarget "Recall" */;
			buildPhases = (
				57F579837BEFDE6CCC541D67 /* Sources */,
				F826DB7ECC59EBCF90D59356 /* Resources */,
			);
			buildRules = (
			);
			dependencies = (
			);
			name = Recall;
			packageProductDependencies = (
			);
			productName = Recall;
			productReference = 589D612419DE8AD691D1CD7C /* Recall.app */;
			productType = "com.apple.product-type.application";
		};
/* End PBXNativeTarget section */

/* Begin PBXProject section */
		8B2E7D481A738D1E6488DE92 /* Project object */ = {
			isa = PBXProject;
			attributes = {
				BuildIndependentTargetsInParallel = YES;
				LastUpgradeCheck = 2600;
				TargetAttributes = {
					8A1CA7FAB5EF7FFF7C657008 = {
						DevelopmentTeam = "";
						ProvisioningStyle = Automatic;
					};
				};
			};
			buildConfigurationList = F160EB2FBD6BB340B9EC6B11 /* Build configuration list for PBXProject "Recall" */;
			developmentRegion = "pt-BR";
			hasScannedForEncodings = 0;
			knownRegions = (
				Base,
				"pt-BR",
			);
			mainGroup = E3D300D57C7BE46807A96B09;
			minimizedProjectReferenceProxies = 1;
			preferredProjectObjectVersion = 77;
			productRefGroup = 8FB9A9AFFDDAA5852104C602 /* Products */;
			projectDirPath = "";
			projectRoot = "";
			targets = (
				8A1CA7FAB5EF7FFF7C657008 /* Recall */,
				3270AC3F0E3A942403899EE8 /* RecallTests */,
			);
		};
/* End PBXProject section */

/* Begin PBXResourcesBuildPhase section */
		F826DB7ECC59EBCF90D59356 /* Resources */ = {
			isa = PBXResourcesBuildPhase;
			buildActionMask = 2147483647;
			files = (
				285A35BC27E078EEE6C87EDC /* Assets.xcassets in Resources */,
				122E4B3F0C76EFF68DD16D3E /* Localizable.xcstrings in Resources */,
				5ADCCA91B05E41B9D80DB011 /* stopwords.txt in Resources */,
			);
			runOnlyForDeploymentPostprocessing = 0;
		};
/* End PBXResourcesBuildPhase section */

/* Begin PBXSourcesBuildPhase section */
		0F5AA6435877027B8D8D33B9 /* Sources */ = {
			isa = PBXSourcesBuildPhase;
			buildActionMask = 2147483647;
			files = (
				D7AD05E3343A047D0AB09EBB /* AnalysisTests.swift in Sources */,
				12F2631BD7A99FC5EEE550E0 /* AnalyzerIntegrationTests.swift in Sources */,
				3A8AF4055CE3EB7624709804 /* AppConfigurationTests.swift in Sources */,
				401A65A77992BC986FB09D5F /* AudioFormatTests.swift in Sources */,
				C05D4CD2BE0AD949C0D3791F /* AudioStoreTests.swift in Sources */,
				5F06EA38F9C99CE44287BB06 /* InsightsTests.swift in Sources */,
				2228798BB35A55FADC066DA1 /* PipelineTests.swift in Sources */,
				820C8ED5D88E72F7F2C364E0 /* RecordingPipelineTests.swift in Sources */,
				1F767CF745C34DD763A4D0DB /* RecordingTests.swift in Sources */,
				89194819D8DDD5683A2CB35F /* TranscriptionTests.swift in Sources */,
			);
			runOnlyForDeploymentPostprocessing = 0;
		};
		57F579837BEFDE6CCC541D67 /* Sources */ = {
			isa = PBXSourcesBuildPhase;
			buildActionMask = 2147483647;
			files = (
				21338318C047BB24D14EC8F7 /* AppSettings.swift in Sources */,
				5D98C399B9AECB226F2ACF1B /* AudioBufferConverter.swift in Sources */,
				A459F9345A0EA30CB04403C7 /* AudioFormat.swift in Sources */,
				77913AB60C592EF8DCC37935 /* AudioPlayback.swift in Sources */,
				96E04DBCF9FB9E8A4DC03160 /* AudioRecorder.swift in Sources */,
				5C5CE00178230439C0E25F10 /* AudioStore.swift in Sources */,
				E3B78DC87E2E1EC9298AF776 /* DurationFormat.swift in Sources */,
				50944C64435A6658D4B6C723 /* Insights.swift in Sources */,
				BE4ABC185AB03BDED7A14E6F /* InsightsView.swift in Sources */,
				F1FDDB810F56BD936A824032 /* LaunchOptions.swift in Sources */,
				D4C44EF3B2E490034F26C301 /* LevelMeter.swift in Sources */,
				CC01279FF85193128A455E44 /* LibraryView.swift in Sources */,
				92CBC4E51B70FAA794A2939A /* LiveTranscriber.swift in Sources */,
				14DCA6B246D739C227B07B7D /* Navigation.swift in Sources */,
				8D8659AB219B92DA79773FAB /* RecallApp.swift in Sources */,
				C008D1CAEC9D297D0FCDC752 /* RecallModelContainer.swift in Sources */,
				7263F1847AF9A8A2E1AF8C85 /* RecordView.swift in Sources */,
				1EDEA7EA8137F524C211A84B /* Recording.swift in Sources */,
				D0BD7557FD96CD64B90B9532 /* RecordingActions.swift in Sources */,
				D2E1A62F318350A990C25AF2 /* RecordingDetailView.swift in Sources */,
				631DCE918DE7ACFCE2337AC4 /* RecordingPipeline.swift in Sources */,
				3407447BD72E3E8C00AC9335 /* RootView.swift in Sources */,
				75F80FCD72B2B5C2B6B94131 /* SettingsView.swift in Sources */,
				3F4A7B0D4ACCD11E5CB99F0A /* SpeechAssets.swift in Sources */,
				32DE5025D36AC29262401F9B /* TranscriptAnalysis.swift in Sources */,
				BC39EE95D35534BB3FCC394C /* TranscriptAnalyzer.swift in Sources */,
				B84867F0B9D4326F76393356 /* Transcription.swift in Sources */,
			);
			runOnlyForDeploymentPostprocessing = 0;
		};
/* End PBXSourcesBuildPhase section */

/* Begin PBXTargetDependency section */
		6CD6E1B4EE5CBAEC306561EA /* PBXTargetDependency */ = {
			isa = PBXTargetDependency;
			target = 8A1CA7FAB5EF7FFF7C657008 /* Recall */;
			targetProxy = 3CD8C3A91ECDFE33E4800573 /* PBXContainerItemProxy */;
		};
/* End PBXTargetDependency section */

/* Begin XCBuildConfiguration section */
		22E5A9A7621E27FDF6CDDCA5 /* Debug */ = {
			isa = XCBuildConfiguration;
			buildSettings = {
				BUNDLE_LOADER = "$(TEST_HOST)";
				GENERATE_INFOPLIST_FILE = YES;
				LD_RUNPATH_SEARCH_PATHS = (
					"$(inherited)",
					"@executable_path/Frameworks",
					"@loader_path/Frameworks",
				);
				PRODUCT_BUNDLE_IDENTIFIER = com.nickdhm.recall.tests;
				SDKROOT = iphoneos;
				SWIFT_EMIT_LOC_STRINGS = NO;
				TARGETED_DEVICE_FAMILY = "1,2";
				TEST_HOST = "$(BUILT_PRODUCTS_DIR)/Recall.app/Recall";
			};
			name = Debug;
		};
		587B7D49A37A8EBAD3557AD8 /* Release */ = {
			isa = XCBuildConfiguration;
			buildSettings = {
				BUNDLE_LOADER = "$(TEST_HOST)";
				GENERATE_INFOPLIST_FILE = YES;
				LD_RUNPATH_SEARCH_PATHS = (
					"$(inherited)",
					"@executable_path/Frameworks",
					"@loader_path/Frameworks",
				);
				PRODUCT_BUNDLE_IDENTIFIER = com.nickdhm.recall.tests;
				SDKROOT = iphoneos;
				SWIFT_EMIT_LOC_STRINGS = NO;
				TARGETED_DEVICE_FAMILY = "1,2";
				TEST_HOST = "$(BUILT_PRODUCTS_DIR)/Recall.app/Recall";
			};
			name = Release;
		};
		5C05BE411EE81AC9652F9F93 /* Release */ = {
			isa = XCBuildConfiguration;
			buildSettings = {
				ALWAYS_SEARCH_USER_PATHS = NO;
				CLANG_ANALYZER_NONNULL = YES;
				CLANG_ANALYZER_NUMBER_OBJECT_CONVERSION = YES_AGGRESSIVE;
				CLANG_CXX_LANGUAGE_STANDARD = "gnu++14";
				CLANG_CXX_LIBRARY = "libc++";
				CLANG_ENABLE_MODULES = YES;
				CLANG_ENABLE_OBJC_ARC = YES;
				CLANG_ENABLE_OBJC_WEAK = YES;
				CLANG_WARN_BLOCK_CAPTURE_AUTORELEASING = YES;
				CLANG_WARN_BOOL_CONVERSION = YES;
				CLANG_WARN_COMMA = YES;
				CLANG_WARN_CONSTANT_CONVERSION = YES;
				CLANG_WARN_DEPRECATED_OBJC_IMPLEMENTATIONS = YES;
				CLANG_WARN_DIRECT_OBJC_ISA_USAGE = YES_ERROR;
				CLANG_WARN_DOCUMENTATION_COMMENTS = YES;
				CLANG_WARN_EMPTY_BODY = YES;
				CLANG_WARN_ENUM_CONVERSION = YES;
				CLANG_WARN_INFINITE_RECURSION = YES;
				CLANG_WARN_INT_CONVERSION = YES;
				CLANG_WARN_NON_LITERAL_NULL_CONVERSION = YES;
				CLANG_WARN_OBJC_IMPLICIT_RETAIN_SELF = YES;
				CLANG_WARN_OBJC_LITERAL_CONVERSION = YES;
				CLANG_WARN_OBJC_ROOT_CLASS = YES_ERROR;
				CLANG_WARN_QUOTED_INCLUDE_IN_FRAMEWORK_HEADER = YES;
				CLANG_WARN_RANGE_LOOP_ANALYSIS = YES;
				CLANG_WARN_STRICT_PROTOTYPES = YES;
				CLANG_WARN_SUSPICIOUS_MOVE = YES;
				CLANG_WARN_UNGUARDED_AVAILABILITY = YES_AGGRESSIVE;
				CLANG_WARN_UNREACHABLE_CODE = YES;
				CLANG_WARN__DUPLICATE_METHOD_MATCH = YES;
				COPY_PHASE_STRIP = NO;
				CURRENT_PROJECT_VERSION = 1;
				DEBUG_INFORMATION_FORMAT = "dwarf-with-dsym";
				ENABLE_NS_ASSERTIONS = NO;
				ENABLE_STRICT_OBJC_MSGSEND = YES;
				ENABLE_USER_SCRIPT_SANDBOXING = YES;
				GCC_C_LANGUAGE_STANDARD = gnu11;
				GCC_NO_COMMON_BLOCKS = YES;
				GCC_TREAT_WARNINGS_AS_ERRORS = NO;
				GCC_WARN_64_TO_32_BIT_CONVERSION = YES;
				GCC_WARN_ABOUT_RETURN_TYPE = YES_ERROR;
				GCC_WARN_UNDECLARED_SELECTOR = YES;
				GCC_WARN_UNINITIALIZED_AUTOS = YES_AGGRESSIVE;
				GCC_WARN_UNUSED_FUNCTION = YES;
				GCC_WARN_UNUSED_VARIABLE = YES;
				IPHONEOS_DEPLOYMENT_TARGET = 26.0;
				MARKETING_VERSION = 1.0;
				MTL_ENABLE_DEBUG_INFO = NO;
				MTL_FAST_MATH = YES;
				PRODUCT_NAME = "$(TARGET_NAME)";
				SDKROOT = iphoneos;
				SWIFT_COMPILATION_MODE = wholemodule;
				SWIFT_OPTIMIZATION_LEVEL = "-O";
				SWIFT_STRICT_CONCURRENCY = complete;
				SWIFT_UPCOMING_FEATURE_EXISTENTIAL_ANY = YES;
				SWIFT_VERSION = 6.0;
			};
			name = Release;
		};
		6581C2D0C73D87341BEA84E5 /* Debug */ = {
			isa = XCBuildConfiguration;
			buildSettings = {
				ALWAYS_SEARCH_USER_PATHS = NO;
				CLANG_ANALYZER_NONNULL = YES;
				CLANG_ANALYZER_NUMBER_OBJECT_CONVERSION = YES_AGGRESSIVE;
				CLANG_CXX_LANGUAGE_STANDARD = "gnu++14";
				CLANG_CXX_LIBRARY = "libc++";
				CLANG_ENABLE_MODULES = YES;
				CLANG_ENABLE_OBJC_ARC = YES;
				CLANG_ENABLE_OBJC_WEAK = YES;
				CLANG_WARN_BLOCK_CAPTURE_AUTORELEASING = YES;
				CLANG_WARN_BOOL_CONVERSION = YES;
				CLANG_WARN_COMMA = YES;
				CLANG_WARN_CONSTANT_CONVERSION = YES;
				CLANG_WARN_DEPRECATED_OBJC_IMPLEMENTATIONS = YES;
				CLANG_WARN_DIRECT_OBJC_ISA_USAGE = YES_ERROR;
				CLANG_WARN_DOCUMENTATION_COMMENTS = YES;
				CLANG_WARN_EMPTY_BODY = YES;
				CLANG_WARN_ENUM_CONVERSION = YES;
				CLANG_WARN_INFINITE_RECURSION = YES;
				CLANG_WARN_INT_CONVERSION = YES;
				CLANG_WARN_NON_LITERAL_NULL_CONVERSION = YES;
				CLANG_WARN_OBJC_IMPLICIT_RETAIN_SELF = YES;
				CLANG_WARN_OBJC_LITERAL_CONVERSION = YES;
				CLANG_WARN_OBJC_ROOT_CLASS = YES_ERROR;
				CLANG_WARN_QUOTED_INCLUDE_IN_FRAMEWORK_HEADER = YES;
				CLANG_WARN_RANGE_LOOP_ANALYSIS = YES;
				CLANG_WARN_STRICT_PROTOTYPES = YES;
				CLANG_WARN_SUSPICIOUS_MOVE = YES;
				CLANG_WARN_UNGUARDED_AVAILABILITY = YES_AGGRESSIVE;
				CLANG_WARN_UNREACHABLE_CODE = YES;
				CLANG_WARN__DUPLICATE_METHOD_MATCH = YES;
				COPY_PHASE_STRIP = NO;
				CURRENT_PROJECT_VERSION = 1;
				DEBUG_INFORMATION_FORMAT = dwarf;
				ENABLE_STRICT_OBJC_MSGSEND = YES;
				ENABLE_TESTABILITY = YES;
				ENABLE_USER_SCRIPT_SANDBOXING = YES;
				GCC_C_LANGUAGE_STANDARD = gnu11;
				GCC_DYNAMIC_NO_PIC = NO;
				GCC_NO_COMMON_BLOCKS = YES;
				GCC_OPTIMIZATION_LEVEL = 0;
				GCC_PREPROCESSOR_DEFINITIONS = (
					"$(inherited)",
					"DEBUG=1",
				);
				GCC_TREAT_WARNINGS_AS_ERRORS = NO;
				GCC_WARN_64_TO_32_BIT_CONVERSION = YES;
				GCC_WARN_ABOUT_RETURN_TYPE = YES_ERROR;
				GCC_WARN_UNDECLARED_SELECTOR = YES;
				GCC_WARN_UNINITIALIZED_AUTOS = YES_AGGRESSIVE;
				GCC_WARN_UNUSED_FUNCTION = YES;
				GCC_WARN_UNUSED_VARIABLE = YES;
				IPHONEOS_DEPLOYMENT_TARGET = 26.0;
				MARKETING_VERSION = 1.0;
				MTL_ENABLE_DEBUG_INFO = INCLUDE_SOURCE;
				MTL_FAST_MATH = YES;
				ONLY_ACTIVE_ARCH = YES;
				PRODUCT_NAME = "$(TARGET_NAME)";
				SDKROOT = iphoneos;
				SWIFT_ACTIVE_COMPILATION_CONDITIONS = DEBUG;
				SWIFT_OPTIMIZATION_LEVEL = "-Onone";
				SWIFT_STRICT_CONCURRENCY = complete;
				SWIFT_UPCOMING_FEATURE_EXISTENTIAL_ANY = YES;
				SWIFT_VERSION = 6.0;
			};
			name = Debug;
		};
		E84E3AC8F2FFBF0E1D7B375A /* Debug */ = {
			isa = XCBuildConfiguration;
			baseConfigurationReference = 6BD6460CEED47DBD6E7854D8 /* Local.xcconfig */;
			buildSettings = {
				ASSETCATALOG_COMPILER_APPICON_NAME = AppIcon;
				ASSETCATALOG_COMPILER_GLOBAL_ACCENT_COLOR_NAME = AccentColor;
				CODE_SIGN_IDENTITY = "iPhone Developer";
				CODE_SIGN_STYLE = Automatic;
				ENABLE_PREVIEWS = YES;
				GENERATE_INFOPLIST_FILE = NO;
				INFOPLIST_FILE = Recall/Resources/Info.plist;
				LD_RUNPATH_SEARCH_PATHS = (
					"$(inherited)",
					"@executable_path/Frameworks",
				);
				PRODUCT_BUNDLE_IDENTIFIER = com.nickdhm.recall;
				PRODUCT_NAME = Recall;
				SDKROOT = iphoneos;
				SWIFT_EMIT_LOC_STRINGS = YES;
				TARGETED_DEVICE_FAMILY = 1;
			};
			name = Debug;
		};
		FE110EA30F10498B7CD36934 /* Release */ = {
			isa = XCBuildConfiguration;
			baseConfigurationReference = 6BD6460CEED47DBD6E7854D8 /* Local.xcconfig */;
			buildSettings = {
				ASSETCATALOG_COMPILER_APPICON_NAME = AppIcon;
				ASSETCATALOG_COMPILER_GLOBAL_ACCENT_COLOR_NAME = AccentColor;
				CODE_SIGN_IDENTITY = "iPhone Developer";
				CODE_SIGN_STYLE = Automatic;
				ENABLE_PREVIEWS = YES;
				GENERATE_INFOPLIST_FILE = NO;
				INFOPLIST_FILE = Recall/Resources/Info.plist;
				LD_RUNPATH_SEARCH_PATHS = (
					"$(inherited)",
					"@executable_path/Frameworks",
				);
				PRODUCT_BUNDLE_IDENTIFIER = com.nickdhm.recall;
				PRODUCT_NAME = Recall;
				SDKROOT = iphoneos;
				SWIFT_EMIT_LOC_STRINGS = YES;
				TARGETED_DEVICE_FAMILY = 1;
			};
			name = Release;
		};
/* End XCBuildConfiguration section */

/* Begin XCConfigurationList section */
		B85EF0C0193067048A1D2645 /* Build configuration list for PBXNativeTarget "RecallTests" */ = {
			isa = XCConfigurationList;
			buildConfigurations = (
				22E5A9A7621E27FDF6CDDCA5 /* Debug */,
				587B7D49A37A8EBAD3557AD8 /* Release */,
			);
			defaultConfigurationIsVisible = 0;
			defaultConfigurationName = Debug;
		};
		DFC1D6D2A3F8F5D85E1CB54C /* Build configuration list for PBXNativeTarget "Recall" */ = {
			isa = XCConfigurationList;
			buildConfigurations = (
				E84E3AC8F2FFBF0E1D7B375A /* Debug */,
				FE110EA30F10498B7CD36934 /* Release */,
			);
			defaultConfigurationIsVisible = 0;
			defaultConfigurationName = Debug;
		};
		F160EB2FBD6BB340B9EC6B11 /* Build configuration list for PBXProject "Recall" */ = {
			isa = XCConfigurationList;
			buildConfigurations = (
				6581C2D0C73D87341BEA84E5 /* Debug */,
				5C05BE411EE81AC9652F9F93 /* Release */,
			);
			defaultConfigurationIsVisible = 0;
			defaultConfigurationName = Debug;
		};
/* End XCConfigurationList section */
	};
	rootObject = 8B2E7D481A738D1E6488DE92 /* Project object */;
}
